
Microsoft Visual Studio Solution File, Format Version 12.00
# Visual Studio Version 17
VisualStudioVersion = 17.6.33829.357
MinimumVisualStudioVersion = 10.0.40219.1
Project("{8BC9CEB8-8B4A-11D0-8D11-00A0C91BC942}") = "rwkv_cuda", "rwkv_cuda.vcxproj", "{26427EF3-009A-47AB-8453-E172903424E6}"
EndProject
Global
	GlobalSection(SolutionConfigurationPlatforms) = preSolution
		Debug|x64 = Debug|x64
		Release|x64 = Release|x64
	EndGlobalSection
	GlobalSection(ProjectConfigurationPlatforms) = postSolution
		{26427EF3-009A-47AB-8453-E172903424E6}.Debug|x64.ActiveCfg = Debug|x64
		{26427EF3-009A-47AB-8453-E172903424E6}.Debug|x64.Build.0 = Debug|x64
		{26427EF3-009A-47AB-8453-E172903424E6}.Release|x64.ActiveCfg = Release|x64
		{26427EF3-009A-47AB-8453-E172903424E6}.Release|x64.Build.0 = Release|x64
	EndGlobalSection
	GlobalSection(SolutionProperties) = preSolution
		HideSolutionNode = FALSE
	EndGlobalSection
	GlobalSection(ExtensibilityGlobals) = postSolution
		SolutionGuid = {2B2E9C9F-9953-4995-8986-DFE8ADFE1FE8}
	EndGlobalSection
EndGlobal
